
Microsoft Visual Studio Solution File, Format Version 12.00
# Visual Studio 15
Project("{FAE04EC0-301F-11D3-BF4B-00C04F79EFBC}") = "UnityEngine.UI", "UnityEngine.UI.csproj", "{C9B46D8A-9B2B-2D68-71B1-DEE56A25D914}"
EndProject
Project("{FAE04EC0-301F-11D3-BF4B-00C04F79EFBC}") = "Zenject", "Zenject.csproj", "{B8D0C77F-FEF3-0944-E6FE-1D7AF4AD317B}"
EndProject
Project("{FAE04EC0-301F-11D3-BF4B-00C04F79EFBC}") = "UnityEngine.TestRunner", "UnityEngine.TestRunner.csproj", "{1FCAF15F-B160-EB8D-D28C-1DB88B6EF9B6}"
EndProject
Project("{FAE04EC0-301F-11D3-BF4B-00C04F79EFBC}") = "Unity.Mathematics", "Unity.Mathematics.csproj", "{F69DEFC8-A11D-C6D3-0F74-2675FE18DAFC}"
EndProject
Project("{FAE04EC0-301F-11D3-BF4B-00C04F79EFBC}") = "Unity.InputSystem", "Unity.InputSystem.csproj", "{F7299594-B0D7-31B5-4E35-34FA37087B93}"
EndProject
Project("{FAE04EC0-301F-11D3-BF4B-00C04F79EFBC}") = "Unity.2D.Animation.Runtime", "Unity.2D.Animation.Runtime.csproj", "{93F9FF61-5041-BB97-7DF1-5BBACC493251}"
EndProject
Project("{FAE04EC0-301F-11D3-BF4B-00C04F79EFBC}") = "Unity.TextMeshPro", "Unity.TextMeshPro.csproj", "{E57340FD-702A-9925-DA25-46BF6AF85CE9}"
EndProject
Project("{FAE04EC0-301F-11D3-BF4B-00C04F79EFBC}") = "Zenject-IntegrationTests", "Zenject-IntegrationTests.csproj", "{50CD0A9F-3080-EF13-6839-4A446CED39A1}"
EndProject
Project("{FAE04EC0-301F-11D3-BF4B-00C04F79EFBC}") = "Zenject-IntegrationTests-Editor", "Zenject-IntegrationTests-Editor.csproj", "{91BFF36E-5643-5BB7-7816-2E5944AC11F9}"
EndProject
Project("{FAE04EC0-301F-11D3-BF4B-00C04F79EFBC}") = "Unity.Timeline", "Unity.Timeline.csproj", "{29210CEB-D00A-2C7C-1EA6-5FA04F9B48EE}"
EndProject
Project("{FAE04EC0-301F-11D3-BF4B-00C04F79EFBC}") = "Unity.2D.SpriteShape.Runtime", "Unity.2D.SpriteShape.Runtime.csproj", "{7040D1CD-5878-60A4-BAE2-3E643760EDF7}"
EndProject
Project("{FAE04EC0-301F-11D3-BF4B-00C04F79EFBC}") = "JustMobyTest.Utilities", "JustMobyTest.Utilities.csproj", "{C50A610F-BFD2-1664-7ABD-2383E33DBBD7}"
EndProject
Project("{FAE04EC0-301F-11D3-BF4B-00C04F79EFBC}") = "JustMobyTest.Settings", "JustMobyTest.Settings.csproj", "{17AFA2E3-3CA1-8760-58A8-223DF1CC8FF4}"
EndProject
Project("{FAE04EC0-301F-11D3-BF4B-00C04F79EFBC}") = "JustMobyTest.Signals", "JustMobyTest.Signals.csproj", "{B0416985-0252-9922-D486-BDF366EC9EDA}"
EndProject
Project("{FAE04EC0-301F-11D3-BF4B-00C04F79EFBC}") = "Unity.2D.PixelPerfect", "Unity.2D.PixelPerfect.csproj", "{490C7A25-C464-70AC-7E3E-D47A88E7C860}"
EndProject
Project("{FAE04EC0-301F-11D3-BF4B-00C04F79EFBC}") = "Unity.2D.IK.Runtime", "Unity.2D.IK.Runtime.csproj", "{3C836E00-DD88-51F1-0982-E4F98458837E}"
EndProject
Project("{FAE04EC0-301F-11D3-BF4B-00C04F79EFBC}") = "JustMobyTest.Commerce.View", "JustMobyTest.Commerce.View.csproj", "{AF6051DA-D356-8951-040F-74C3B6252A0C}"
EndProject
Project("{FAE04EC0-301F-11D3-BF4B-00C04F79EFBC}") = "JustMobyTest.Commerce.Goods", "JustMobyTest.Commerce.Goods.csproj", "{30DEFADB-7C47-A671-4F02-555BA78B4A69}"
EndProject
Project("{FAE04EC0-301F-11D3-BF4B-00C04F79EFBC}") = "Unity.InputSystem.TestFramework", "Unity.InputSystem.TestFramework.csproj", "{49501B37-45FB-4B0E-74FC-D1FF8DA8076F}"
EndProject
Project("{FAE04EC0-301F-11D3-BF4B-00C04F79EFBC}") = "Unity.2D.Common.Runtime", "Unity.2D.Common.Runtime.csproj", "{9CB85F18-B8CF-AF02-0C2D-C78EE645857D}"
EndProject
Project("{FAE04EC0-301F-11D3-BF4B-00C04F79EFBC}") = "Unity.InternalAPIEngineBridge.001", "Unity.InternalAPIEngineBridge.001.csproj", "{CBAE3DDF-3E75-28F0-9DED-ACDD53B55404}"
EndProject
Project("{FAE04EC0-301F-11D3-BF4B-00C04F79EFBC}") = "JustMobyTest.Core", "JustMobyTest.Core.csproj", "{DB0067C9-066A-CEC0-F966-24090509DA08}"
EndProject
Project("{FAE04EC0-301F-11D3-BF4B-00C04F79EFBC}") = "JustMobyTest.DI", "JustMobyTest.DI.csproj", "{EE763948-9F4C-AEFC-7821-2EC047D8BD34}"
EndProject
Project("{FAE04EC0-301F-11D3-BF4B-00C04F79EFBC}") = "JustMobyTest.Commerce", "JustMobyTest.Commerce.csproj", "{CAD1C93A-D4FF-A397-C376-200047C8609A}"
EndProject
Project("{FAE04EC0-301F-11D3-BF4B-00C04F79EFBC}") = "Unity.Recorder", "Unity.Recorder.csproj", "{21ABD99C-E47C-6D4A-BDC1-1B74ED90B469}"
EndProject
Project("{FAE04EC0-301F-11D3-BF4B-00C04F79EFBC}") = "Unity.Recorder.Base", "Unity.Recorder.Base.csproj", "{1F33EE5B-AC2F-2D01-8BE3-B421FA998836}"
EndProject
Project("{FAE04EC0-301F-11D3-BF4B-00C04F79EFBC}") = "Unity.PlasticSCM.Editor", "Unity.PlasticSCM.Editor.csproj", "{C2BD6E22-E71A-FD53-14FE-E62BE03EC136}"
EndProject
Project("{FAE04EC0-301F-11D3-BF4B-00C04F79EFBC}") = "Zenject-PoolMonitor-Editor", "Zenject-PoolMonitor-Editor.csproj", "{20AAA4AA-DD62-74AB-EE2C-34123D2514BA}"
EndProject
Project("{FAE04EC0-301F-11D3-BF4B-00C04F79EFBC}") = "Unity.VisualStudio.Editor", "Unity.VisualStudio.Editor.csproj", "{29335589-C025-FBB1-214C-A58E572E98F2}"
EndProject
Project("{FAE04EC0-301F-11D3-BF4B-00C04F79EFBC}") = "Unity.Timeline.Editor", "Unity.Timeline.Editor.csproj", "{3C957EB0-CE8C-88A8-80A8-727EFE6EE0C7}"
EndProject
Project("{FAE04EC0-301F-11D3-BF4B-00C04F79EFBC}") = "Zenject-UnitTests-Editor", "Zenject-UnitTests-Editor.csproj", "{FB9A3F8F-01FB-1BF8-6BE3-0B19679AF302}"
EndProject
Project("{FAE04EC0-301F-11D3-BF4B-00C04F79EFBC}") = "Unity.TextMeshPro.Editor", "Unity.TextMeshPro.Editor.csproj", "{97F2B3E8-0F5C-0903-6E44-3EDFFE1950C8}"
EndProject
Project("{FAE04EC0-301F-11D3-BF4B-00C04F79EFBC}") = "Unity.2D.Animation.Editor", "Unity.2D.Animation.Editor.csproj", "{6B3F6257-022A-8A02-71A3-378A7C29A605}"
EndProject
Project("{FAE04EC0-301F-11D3-BF4B-00C04F79EFBC}") = "UnityEditor.TestRunner", "UnityEditor.TestRunner.csproj", "{FD3D7295-C5A5-7DEB-3F4E-BF7249AD1D1C}"
EndProject
Project("{FAE04EC0-301F-11D3-BF4B-00C04F79EFBC}") = "Unity.Rider.Editor", "Unity.Rider.Editor.csproj", "{B45DE339-EBB4-9080-CC5F-4AA2FED0972D}"
EndProject
Project("{FAE04EC0-301F-11D3-BF4B-00C04F79EFBC}") = "Unity.2D.Path.Editor", "Unity.2D.Path.Editor.csproj", "{403AAD0C-EB11-7D81-6DEE-D8F72095A938}"
EndProject
Project("{FAE04EC0-301F-11D3-BF4B-00C04F79EFBC}") = "PsdPlugin", "PsdPlugin.csproj", "{36E62BAF-197C-D18E-E57F-AA19B74FA4BC}"
EndProject
Project("{FAE04EC0-301F-11D3-BF4B-00C04F79EFBC}") = "Unity.2D.IK.Editor", "Unity.2D.IK.Editor.csproj", "{E7BDFDE0-35D7-D489-2F8D-311676537A56}"
EndProject
Project("{FAE04EC0-301F-11D3-BF4B-00C04F79EFBC}") = "Unity.2D.Psdimporter.Editor", "Unity.2D.Psdimporter.Editor.csproj", "{008608F8-121C-D825-3ADA-30808D944CB9}"
EndProject
Project("{FAE04EC0-301F-11D3-BF4B-00C04F79EFBC}") = "Unity.2D.SpriteShape.Editor", "Unity.2D.SpriteShape.Editor.csproj", "{EDD90F0D-1D47-8AAB-A03E-34F54AF5127D}"
EndProject
Project("{FAE04EC0-301F-11D3-BF4B-00C04F79EFBC}") = "Zenject-ReflectionBaking-Editor", "Zenject-ReflectionBaking-Editor.csproj", "{D7AD1D81-A2AE-DD83-ADBB-76B1DAED4A60}"
EndProject
Project("{FAE04EC0-301F-11D3-BF4B-00C04F79EFBC}") = "Unity.2D.Tilemap.Editor", "Unity.2D.Tilemap.Editor.csproj", "{8D333F2C-FCEF-E304-22B8-26D041BE72D7}"
EndProject
Project("{FAE04EC0-301F-11D3-BF4B-00C04F79EFBC}") = "Unity.2D.Animation.Triangle.Editor", "Unity.2D.Animation.Triangle.Editor.csproj", "{D49F35C7-463B-8F8D-DC94-C4A975A30E28}"
EndProject
Project("{FAE04EC0-301F-11D3-BF4B-00C04F79EFBC}") = "Unity.2D.PixelPerfect.Editor", "Unity.2D.PixelPerfect.Editor.csproj", "{458592E9-44CC-77D2-441A-263086A8AC4F}"
EndProject
Project("{FAE04EC0-301F-11D3-BF4B-00C04F79EFBC}") = "Unity.VSCode.Editor", "Unity.VSCode.Editor.csproj", "{D3C2A51C-B978-DF13-8C19-D64234838599}"
EndProject
Project("{FAE04EC0-301F-11D3-BF4B-00C04F79EFBC}") = "Unity.2D.Sprite.Editor", "Unity.2D.Sprite.Editor.csproj", "{3F10093F-F9FB-7CF5-3CDA-0AEF392A2B25}"
EndProject
Project("{FAE04EC0-301F-11D3-BF4B-00C04F79EFBC}") = "UnityEditor.UI", "UnityEditor.UI.csproj", "{EAFF8873-3683-8739-3B59-55AF5C6878B0}"
EndProject
Project("{FAE04EC0-301F-11D3-BF4B-00C04F79EFBC}") = "Zenject-TestFramework", "Zenject-TestFramework.csproj", "{59DE8B51-3CF4-5B9F-E5EE-2FA01CC6C253}"
EndProject
Project("{FAE04EC0-301F-11D3-BF4B-00C04F79EFBC}") = "Unity.CollabProxy.Editor", "Unity.CollabProxy.Editor.csproj", "{312B21B5-7716-D82C-76A4-74B483617FEF}"
EndProject
Project("{FAE04EC0-301F-11D3-BF4B-00C04F79EFBC}") = "Zenject-Editor", "Zenject-Editor.csproj", "{1A9359FF-B4C6-FA11-011B-BED038241161}"
EndProject
Project("{FAE04EC0-301F-11D3-BF4B-00C04F79EFBC}") = "Unity.Mathematics.Editor", "Unity.Mathematics.Editor.csproj", "{D9157803-81A0-A950-5188-9C73B8F22838}"
EndProject
Project("{FAE04EC0-301F-11D3-BF4B-00C04F79EFBC}") = "Unity.2D.Common.Editor", "Unity.2D.Common.Editor.csproj", "{691D056E-E706-8320-D7E9-D63D65617499}"
EndProject
Project("{FAE04EC0-301F-11D3-BF4B-00C04F79EFBC}") = "Unity.InternalAPIEditorBridge.001", "Unity.InternalAPIEditorBridge.001.csproj", "{FB39498A-017F-4C93-4F0F-676540A60656}"
EndProject
Project("{FAE04EC0-301F-11D3-BF4B-00C04F79EFBC}") = "Unity.Recorder.Editor", "Unity.Recorder.Editor.csproj", "{B9B8735E-5B6A-31F9-EBCB-F0A638CB248D}"
EndProject
Project("{FAE04EC0-301F-11D3-BF4B-00C04F79EFBC}") = "UnityEngine.UI", "UnityEngine.UI.Player.csproj", "{6E819604-49F3-6DA9-6880-93C8C9351F92}"
EndProject
Project("{FAE04EC0-301F-11D3-BF4B-00C04F79EFBC}") = "Zenject", "Zenject.Player.csproj", "{8EB22C53-CBCD-0888-0CE7-9D2AB61B59B8}"
EndProject
Project("{FAE04EC0-301F-11D3-BF4B-00C04F79EFBC}") = "UnityEngine.TestRunner", "UnityEngine.TestRunner.Player.csproj", "{91E1875A-FFBC-8ABD-337D-3C9709847BAF}"
EndProject
Project("{FAE04EC0-301F-11D3-BF4B-00C04F79EFBC}") = "Unity.Mathematics", "Unity.Mathematics.Player.csproj", "{4D4EDFF8-D093-B7E6-E3BB-E43FBC32D77F}"
EndProject
Project("{FAE04EC0-301F-11D3-BF4B-00C04F79EFBC}") = "Unity.InputSystem", "Unity.InputSystem.Player.csproj", "{90CDA51B-72BD-ECF3-2D26-867017975F61}"
EndProject
Project("{FAE04EC0-301F-11D3-BF4B-00C04F79EFBC}") = "Unity.2D.Animation.Runtime", "Unity.2D.Animation.Runtime.Player.csproj", "{6BAF3837-64FD-1D44-A4E4-D453D6ACE58E}"
EndProject
Project("{FAE04EC0-301F-11D3-BF4B-00C04F79EFBC}") = "Unity.TextMeshPro", "Unity.TextMeshPro.Player.csproj", "{CE91B265-E04E-0E59-6F56-0A7D77588917}"
EndProject
Project("{FAE04EC0-301F-11D3-BF4B-00C04F79EFBC}") = "Zenject-IntegrationTests", "Zenject-IntegrationTests.Player.csproj", "{F67A5A4B-67A1-2304-CA15-8582D157930D}"
EndProject
Project("{FAE04EC0-301F-11D3-BF4B-00C04F79EFBC}") = "Zenject-IntegrationTests-Editor", "Zenject-IntegrationTests-Editor.Player.csproj", "{B42D8C93-18B1-AF69-86B6-88E70B2BFBDB}"
EndProject
Project("{FAE04EC0-301F-11D3-BF4B-00C04F79EFBC}") = "Unity.Timeline", "Unity.Timeline.Player.csproj", "{E2DCACF1-0FEC-C160-BA77-BEA124565C6A}"
EndProject
Project("{FAE04EC0-301F-11D3-BF4B-00C04F79EFBC}") = "Unity.2D.SpriteShape.Runtime", "Unity.2D.SpriteShape.Runtime.Player.csproj", "{DAC12B91-FD48-04BF-D9BA-513EBA1F268A}"
EndProject
Project("{FAE04EC0-301F-11D3-BF4B-00C04F79EFBC}") = "JustMobyTest.Utilities", "JustMobyTest.Utilities.Player.csproj", "{4BCEFD1E-8B58-9F45-960D-4C5C3EAFBD6E}"
EndProject
Project("{FAE04EC0-301F-11D3-BF4B-00C04F79EFBC}") = "JustMobyTest.Settings", "JustMobyTest.Settings.Player.csproj", "{814B6ECF-4A54-E3B7-5C0F-1E80FC0B8805}"
EndProject
Project("{FAE04EC0-301F-11D3-BF4B-00C04F79EFBC}") = "JustMobyTest.Signals", "JustMobyTest.Signals.Player.csproj", "{3FB3AA4E-BD59-D8F4-9C62-EA72E9DD531D}"
EndProject
Project("{FAE04EC0-301F-11D3-BF4B-00C04F79EFBC}") = "Unity.2D.PixelPerfect", "Unity.2D.PixelPerfect.Player.csproj", "{49D8EBCE-60A5-833F-6D98-AB444C508532}"
EndProject
Project("{FAE04EC0-301F-11D3-BF4B-00C04F79EFBC}") = "Unity.2D.IK.Runtime", "Unity.2D.IK.Runtime.Player.csproj", "{59B0A128-8180-5AC0-11FC-CC543F011916}"
EndProject
Project("{FAE04EC0-301F-11D3-BF4B-00C04F79EFBC}") = "JustMobyTest.Commerce.View", "JustMobyTest.Commerce.View.Player.csproj", "{7C51FC67-0BF6-B726-D59E-90F2059E92AA}"
EndProject
Project("{FAE04EC0-301F-11D3-BF4B-00C04F79EFBC}") = "JustMobyTest.Commerce.Goods", "JustMobyTest.Commerce.Goods.Player.csproj", "{70777675-1863-80F2-C3CE-81CC6FF46694}"
EndProject
Project("{FAE04EC0-301F-11D3-BF4B-00C04F79EFBC}") = "Unity.InputSystem.TestFramework", "Unity.InputSystem.TestFramework.Player.csproj", "{749AA093-8284-5899-705D-65BCDB1208BB}"
EndProject
Project("{FAE04EC0-301F-11D3-BF4B-00C04F79EFBC}") = "Unity.2D.Common.Runtime", "Unity.2D.Common.Runtime.Player.csproj", "{997F1904-16D5-A7F4-E542-49470ECC9585}"
EndProject
Project("{FAE04EC0-301F-11D3-BF4B-00C04F79EFBC}") = "Unity.InternalAPIEngineBridge.001", "Unity.InternalAPIEngineBridge.001.Player.csproj", "{75B71F6D-8003-7E72-FA31-4FED1BD79758}"
EndProject
Project("{FAE04EC0-301F-11D3-BF4B-00C04F79EFBC}") = "JustMobyTest.Core", "JustMobyTest.Core.Player.csproj", "{E0FDB6F7-CDE6-100E-67B4-BB7E28311250}"
EndProject
Project("{FAE04EC0-301F-11D3-BF4B-00C04F79EFBC}") = "JustMobyTest.DI", "JustMobyTest.DI.Player.csproj", "{2BC977F9-6F00-6FFC-AFF3-AD67515E7AC6}"
EndProject
Project("{FAE04EC0-301F-11D3-BF4B-00C04F79EFBC}") = "JustMobyTest.Commerce", "JustMobyTest.Commerce.Player.csproj", "{4203FA53-F56E-A314-2C33-CA65F62A06A6}"
EndProject
Project("{FAE04EC0-301F-11D3-BF4B-00C04F79EFBC}") = "Unity.Recorder", "Unity.Recorder.Player.csproj", "{DDEB83A4-A0A8-BFD9-221F-66CAFCDF196E}"
EndProject
Project("{FAE04EC0-301F-11D3-BF4B-00C04F79EFBC}") = "Unity.Recorder.Base", "Unity.Recorder.Base.Player.csproj", "{3AB402E0-1F9F-9171-60F3-13C6C0B1E647}"
EndProject
Global
	GlobalSection(SolutionConfigurationPlatforms) = preSolution
		Debug|Any CPU = Debug|Any CPU
		Release|Any CPU = Release|Any CPU
	EndGlobalSection
	GlobalSection(ProjectConfigurationPlatforms) = postSolution
		{C9B46D8A-9B2B-2D68-71B1-DEE56A25D914}.Debug|Any CPU.ActiveCfg = Debug|Any CPU
		{C9B46D8A-9B2B-2D68-71B1-DEE56A25D914}.Debug|Any CPU.Build.0 = Debug|Any CPU
		{C9B46D8A-9B2B-2D68-71B1-DEE56A25D914}.Release|Any CPU.ActiveCfg = Release|Any CPU
		{C9B46D8A-9B2B-2D68-71B1-DEE56A25D914}.Release|Any CPU.Build.0 = Release|Any CPU
		{B8D0C77F-FEF3-0944-E6FE-1D7AF4AD317B}.Debug|Any CPU.ActiveCfg = Debug|Any CPU
		{B8D0C77F-FEF3-0944-E6FE-1D7AF4AD317B}.Debug|Any CPU.Build.0 = Debug|Any CPU
		{B8D0C77F-FEF3-0944-E6FE-1D7AF4AD317B}.Release|Any CPU.ActiveCfg = Release|Any CPU
		{B8D0C77F-FEF3-0944-E6FE-1D7AF4AD317B}.Release|Any CPU.Build.0 = Release|Any CPU
		{1FCAF15F-B160-EB8D-D28C-1DB88B6EF9B6}.Debug|Any CPU.ActiveCfg = Debug|Any CPU
		{1FCAF15F-B160-EB8D-D28C-1DB88B6EF9B6}.Debug|Any CPU.Build.0 = Debug|Any CPU
		{1FCAF15F-B160-EB8D-D28C-1DB88B6EF9B6}.Release|Any CPU.ActiveCfg = Release|Any CPU
		{1FCAF15F-B160-EB8D-D28C-1DB88B6EF9B6}.Release|Any CPU.Build.0 = Release|Any CPU
		{F69DEFC8-A11D-C6D3-0F74-2675FE18DAFC}.Debug|Any CPU.ActiveCfg = Debug|Any CPU
		{F69DEFC8-A11D-C6D3-0F74-2675FE18DAFC}.Debug|Any CPU.Build.0 = Debug|Any CPU
		{F69DEFC8-A11D-C6D3-0F74-2675FE18DAFC}.Release|Any CPU.ActiveCfg = Release|Any CPU
		{F69DEFC8-A11D-C6D3-0F74-2675FE18DAFC}.Release|Any CPU.Build.0 = Release|Any CPU
		{F7299594-B0D7-31B5-4E35-34FA37087B93}.Debug|Any CPU.ActiveCfg = Debug|Any CPU
		{F7299594-B0D7-31B5-4E35-34FA37087B93}.Debug|Any CPU.Build.0 = Debug|Any CPU
		{F7299594-B0D7-31B5-4E35-34FA37087B93}.Release|Any CPU.ActiveCfg = Release|Any CPU
		{F7299594-B0D7-31B5-4E35-34FA37087B93}.Release|Any CPU.Build.0 = Release|Any CPU
		{93F9FF61-5041-BB97-7DF1-5BBACC493251}.Debug|Any CPU.ActiveCfg = Debug|Any CPU
		{93F9FF61-5041-BB97-7DF1-5BBACC493251}.Debug|Any CPU.Build.0 = Debug|Any CPU
		{93F9FF61-5041-BB97-7DF1-5BBACC493251}.Release|Any CPU.ActiveCfg = Release|Any CPU
		{93F9FF61-5041-BB97-7DF1-5BBACC493251}.Release|Any CPU.Build.0 = Release|Any CPU
		{E57340FD-702A-9925-DA25-46BF6AF85CE9}.Debug|Any CPU.ActiveCfg = Debug|Any CPU
		{E57340FD-702A-9925-DA25-46BF6AF85CE9}.Debug|Any CPU.Build.0 = Debug|Any CPU
		{E57340FD-702A-9925-DA25-46BF6AF85CE9}.Release|Any CPU.ActiveCfg = Release|Any CPU
		{E57340FD-702A-9925-DA25-46BF6AF85CE9}.Release|Any CPU.Build.0 = Release|Any CPU
		{50CD0A9F-3080-EF13-6839-4A446CED39A1}.Debug|Any CPU.ActiveCfg = Debug|Any CPU
		{50CD0A9F-3080-EF13-6839-4A446CED39A1}.Debug|Any CPU.Build.0 = Debug|Any CPU
		{50CD0A9F-3080-EF13-6839-4A446CED39A1}.Release|Any CPU.ActiveCfg = Release|Any CPU
		{50CD0A9F-3080-EF13-6839-4A446CED39A1}.Release|Any CPU.Build.0 = Release|Any CPU
		{91BFF36E-5643-5BB7-7816-2E5944AC11F9}.Debug|Any CPU.ActiveCfg = Debug|Any CPU
		{91BFF36E-5643-5BB7-7816-2E5944AC11F9}.Debug|Any CPU.Build.0 = Debug|Any CPU
		{91BFF36E-5643-5BB7-7816-2E5944AC11F9}.Release|Any CPU.ActiveCfg = Release|Any CPU
		{91BFF36E-5643-5BB7-7816-2E5944AC11F9}.Release|Any CPU.Build.0 = Release|Any CPU
		{29210CEB-D00A-2C7C-1EA6-5FA04F9B48EE}.Debug|Any CPU.ActiveCfg = Debug|Any CPU
		{29210CEB-D00A-2C7C-1EA6-5FA04F9B48EE}.Debug|Any CPU.Build.0 = Debug|Any CPU
		{29210CEB-D00A-2C7C-1EA6-5FA04F9B48EE}.Release|Any CPU.ActiveCfg = Release|Any CPU
		{29210CEB-D00A-2C7C-1EA6-5FA04F9B48EE}.Release|Any CPU.Build.0 = Release|Any CPU
		{7040D1CD-5878-60A4-BAE2-3E643760EDF7}.Debug|Any CPU.ActiveCfg = Debug|Any CPU
		{7040D1CD-5878-60A4-BAE2-3E643760EDF7}.Debug|Any CPU.Build.0 = Debug|Any CPU
		{7040D1CD-5878-60A4-BAE2-3E643760EDF7}.Release|Any CPU.ActiveCfg = Release|Any CPU
		{7040D1CD-5878-60A4-BAE2-3E643760EDF7}.Release|Any CPU.Build.0 = Release|Any CPU
		{C50A610F-BFD2-1664-7ABD-2383E33DBBD7}.Debug|Any CPU.ActiveCfg = Debug|Any CPU
		{C50A610F-BFD2-1664-7ABD-2383E33DBBD7}.Debug|Any CPU.Build.0 = Debug|Any CPU
		{C50A610F-BFD2-1664-7ABD-2383E33DBBD7}.Release|Any CPU.ActiveCfg = Release|Any CPU
		{C50A610F-BFD2-1664-7ABD-2383E33DBBD7}.Release|Any CPU.Build.0 = Release|Any CPU
		{17AFA2E3-3CA1-8760-58A8-223DF1CC8FF4}.Debug|Any CPU.ActiveCfg = Debug|Any CPU
		{17AFA2E3-3CA1-8760-58A8-223DF1CC8FF4}.Debug|Any CPU.Build.0 = Debug|Any CPU
		{17AFA2E3-3CA1-8760-58A8-223DF1CC8FF4}.Release|Any CPU.ActiveCfg = Release|Any CPU
		{17AFA2E3-3CA1-8760-58A8-223DF1CC8FF4}.Release|Any CPU.Build.0 = Release|Any CPU
		{B0416985-0252-9922-D486-BDF366EC9EDA}.Debug|Any CPU.ActiveCfg = Debug|Any CPU
		{B0416985-0252-9922-D486-BDF366EC9EDA}.Debug|Any CPU.Build.0 = Debug|Any CPU
		{B0416985-0252-9922-D486-BDF366EC9EDA}.Release|Any CPU.ActiveCfg = Release|Any CPU
		{B0416985-0252-9922-D486-BDF366EC9EDA}.Release|Any CPU.Build.0 = Release|Any CPU
		{490C7A25-C464-70AC-7E3E-D47A88E7C860}.Debug|Any CPU.ActiveCfg = Debug|Any CPU
		{490C7A25-C464-70AC-7E3E-D47A88E7C860}.Debug|Any CPU.Build.0 = Debug|Any CPU
		{490C7A25-C464-70AC-7E3E-D47A88E7C860}.Release|Any CPU.ActiveCfg = Release|Any CPU
		{490C7A25-C464-70AC-7E3E-D47A88E7C860}.Release|Any CPU.Build.0 = Release|Any CPU
		{3C836E00-DD88-51F1-0982-E4F98458837E}.Debug|Any CPU.ActiveCfg = Debug|Any CPU
		{3C836E00-DD88-51F1-0982-E4F98458837E}.Debug|Any CPU.Build.0 = Debug|Any CPU
		{3C836E00-DD88-51F1-0982-E4F98458837E}.Release|Any CPU.ActiveCfg = Release|Any CPU
		{3C836E00-DD88-51F1-0982-E4F98458837E}.Release|Any CPU.Build.0 = Release|Any CPU
		{AF6051DA-D356-8951-040F-74C3B6252A0C}.Debug|Any CPU.ActiveCfg = Debug|Any CPU
		{AF6051DA-D356-8951-040F-74C3B6252A0C}.Debug|Any CPU.Build.0 = Debug|Any CPU
		{AF6051DA-D356-8951-040F-74C3B6252A0C}.Release|Any CPU.ActiveCfg = Release|Any CPU
		{AF6051DA-D356-8951-040F-74C3B6252A0C}.Release|Any CPU.Build.0 = Release|Any CPU
		{30DEFADB-7C47-A671-4F02-555BA78B4A69}.Debug|Any CPU.ActiveCfg = Debug|Any CPU
		{30DEFADB-7C47-A671-4F02-555BA78B4A69}.Debug|Any CPU.Build.0 = Debug|Any CPU
		{30DEFADB-7C47-A671-4F02-555BA78B4A69}.Release|Any CPU.ActiveCfg = Release|Any CPU
		{30DEFADB-7C47-A671-4F02-555BA78B4A69}.Release|Any CPU.Build.0 = Release|Any CPU
		{49501B37-45FB-4B0E-74FC-D1FF8DA8076F}.Debug|Any CPU.ActiveCfg = Debug|Any CPU
		{49501B37-45FB-4B0E-74FC-D1FF8DA8076F}.Debug|Any CPU.Build.0 = Debug|Any CPU
		{49501B37-45FB-4B0E-74FC-D1FF8DA8076F}.Release|Any CPU.ActiveCfg = Release|Any CPU
		{49501B37-45FB-4B0E-74FC-D1FF8DA8076F}.Release|Any CPU.Build.0 = Release|Any CPU
		{9CB85F18-B8CF-AF02-0C2D-C78EE645857D}.Debug|Any CPU.ActiveCfg = Debug|Any CPU
		{9CB85F18-B8CF-AF02-0C2D-C78EE645857D}.Debug|Any CPU.Build.0 = Debug|Any CPU
		{9CB85F18-B8CF-AF02-0C2D-C78EE645857D}.Release|Any CPU.ActiveCfg = Release|Any CPU
		{9CB85F18-B8CF-AF02-0C2D-C78EE645857D}.Release|Any CPU.Build.0 = Release|Any CPU
		{CBAE3DDF-3E75-28F0-9DED-ACDD53B55404}.Debug|Any CPU.ActiveCfg = Debug|Any CPU
		{CBAE3DDF-3E75-28F0-9DED-ACDD53B55404}.Debug|Any CPU.Build.0 = Debug|Any CPU
		{CBAE3DDF-3E75-28F0-9DED-ACDD53B55404}.Release|Any CPU.ActiveCfg = Release|Any CPU
		{CBAE3DDF-3E75-28F0-9DED-ACDD53B55404}.Release|Any CPU.Build.0 = Release|Any CPU
		{DB0067C9-066A-CEC0-F966-24090509DA08}.Debug|Any CPU.ActiveCfg = Debug|Any CPU
		{DB0067C9-066A-CEC0-F966-24090509DA08}.Debug|Any CPU.Build.0 = Debug|Any CPU
		{DB0067C9-066A-CEC0-F966-24090509DA08}.Release|Any CPU.ActiveCfg = Release|Any CPU
		{DB0067C9-066A-CEC0-F966-24090509DA08}.Release|Any CPU.Build.0 = Release|Any CPU
		{EE763948-9F4C-AEFC-7821-2EC047D8BD34}.Debug|Any CPU.ActiveCfg = Debug|Any CPU
		{EE763948-9F4C-AEFC-7821-2EC047D8BD34}.Debug|Any CPU.Build.0 = Debug|Any CPU
		{EE763948-9F4C-AEFC-7821-2EC047D8BD34}.Release|Any CPU.ActiveCfg = Release|Any CPU
		{EE763948-9F4C-AEFC-7821-2EC047D8BD34}.Release|Any CPU.Build.0 = Release|Any CPU
		{CAD1C93A-D4FF-A397-C376-200047C8609A}.Debug|Any CPU.ActiveCfg = Debug|Any CPU
		{CAD1C93A-D4FF-A397-C376-200047C8609A}.Debug|Any CPU.Build.0 = Debug|Any CPU
		{CAD1C93A-D4FF-A397-C376-200047C8609A}.Release|Any CPU.ActiveCfg = Release|Any CPU
		{CAD1C93A-D4FF-A397-C376-200047C8609A}.Release|Any CPU.Build.0 = Release|Any CPU
		{21ABD99C-E47C-6D4A-BDC1-1B74ED90B469}.Debug|Any CPU.ActiveCfg = Debug|Any CPU
		{21ABD99C-E47C-6D4A-BDC1-1B74ED90B469}.Debug|Any CPU.Build.0 = Debug|Any CPU
		{21ABD99C-E47C-6D4A-BDC1-1B74ED90B469}.Release|Any CPU.ActiveCfg = Release|Any CPU
		{21ABD99C-E47C-6D4A-BDC1-1B74ED90B469}.Release|Any CPU.Build.0 = Release|Any CPU
		{1F33EE5B-AC2F-2D01-8BE3-B421FA998836}.Debug|Any CPU.ActiveCfg = Debug|Any CPU
		{1F33EE5B-AC2F-2D01-8BE3-B421FA998836}.Debug|Any CPU.Build.0 = Debug|Any CPU
		{1F33EE5B-AC2F-2D01-8BE3-B421FA998836}.Release|Any CPU.ActiveCfg = Release|Any CPU
		{1F33EE5B-AC2F-2D01-8BE3-B421FA998836}.Release|Any CPU.Build.0 = Release|Any CPU
		{C2BD6E22-E71A-FD53-14FE-E62BE03EC136}.Debug|Any CPU.ActiveCfg = Debug|Any CPU
		{C2BD6E22-E71A-FD53-14FE-E62BE03EC136}.Debug|Any CPU.Build.0 = Debug|Any CPU
		{C2BD6E22-E71A-FD53-14FE-E62BE03EC136}.Release|Any CPU.ActiveCfg = Release|Any CPU
		{C2BD6E22-E71A-FD53-14FE-E62BE03EC136}.Release|Any CPU.Build.0 = Release|Any CPU
		{20AAA4AA-DD62-74AB-EE2C-34123D2514BA}.Debug|Any CPU.ActiveCfg = Debug|Any CPU
		{20AAA4AA-DD62-74AB-EE2C-34123D2514BA}.Debug|Any CPU.Build.0 = Debug|Any CPU
		{20AAA4AA-DD62-74AB-EE2C-34123D2514BA}.Release|Any CPU.ActiveCfg = Release|Any CPU
		{20AAA4AA-DD62-74AB-EE2C-34123D2514BA}.Release|Any CPU.Build.0 = Release|Any CPU
		{29335589-C025-FBB1-214C-A58E572E98F2}.Debug|Any CPU.ActiveCfg = Debug|Any CPU
		{29335589-C025-FBB1-214C-A58E572E98F2}.Debug|Any CPU.Build.0 = Debug|Any CPU
		{29335589-C025-FBB1-214C-A58E572E98F2}.Release|Any CPU.ActiveCfg = Release|Any CPU
		{29335589-C025-FBB1-214C-A58E572E98F2}.Release|Any CPU.Build.0 = Release|Any CPU
		{3C957EB0-CE8C-88A8-80A8-727EFE6EE0C7}.Debug|Any CPU.ActiveCfg = Debug|Any CPU
		{3C957EB0-CE8C-88A8-80A8-727EFE6EE0C7}.Debug|Any CPU.Build.0 = Debug|Any CPU
		{3C957EB0-CE8C-88A8-80A8-727EFE6EE0C7}.Release|Any CPU.ActiveCfg = Release|Any CPU
		{3C957EB0-CE8C-88A8-80A8-727EFE6EE0C7}.Release|Any CPU.Build.0 = Release|Any CPU
		{FB9A3F8F-01FB-1BF8-6BE3-0B19679AF302}.Debug|Any CPU.ActiveCfg = Debug|Any CPU
		{FB9A3F8F-01FB-1BF8-6BE3-0B19679AF302}.Debug|Any CPU.Build.0 = Debug|Any CPU
		{FB9A3F8F-01FB-1BF8-6BE3-0B19679AF302}.Release|Any CPU.ActiveCfg = Release|Any CPU
		{FB9A3F8F-01FB-1BF8-6BE3-0B19679AF302}.Release|Any CPU.Build.0 = Release|Any CPU
		{97F2B3E8-0F5C-0903-6E44-3EDFFE1950C8}.Debug|Any CPU.ActiveCfg = Debug|Any CPU
		{97F2B3E8-0F5C-0903-6E44-3EDFFE1950C8}.Debug|Any CPU.Build.0 = Debug|Any CPU
		{97F2B3E8-0F5C-0903-6E44-3EDFFE1950C8}.Release|Any CPU.ActiveCfg = Release|Any CPU
		{97F2B3E8-0F5C-0903-6E44-3EDFFE1950C8}.Release|Any CPU.Build.0 = Release|Any CPU
		{6B3F6257-022A-8A02-71A3-378A7C29A605}.Debug|Any CPU.ActiveCfg = Debug|Any CPU
		{6B3F6257-022A-8A02-71A3-378A7C29A605}.Debug|Any CPU.Build.0 = Debug|Any CPU
		{6B3F6257-022A-8A02-71A3-378A7C29A605}.Release|Any CPU.ActiveCfg = Release|Any CPU
		{6B3F6257-022A-8A02-71A3-378A7C29A605}.Release|Any CPU.Build.0 = Release|Any CPU
		{FD3D7295-C5A5-7DEB-3F4E-BF7249AD1D1C}.Debug|Any CPU.ActiveCfg = Debug|Any CPU
		{FD3D7295-C5A5-7DEB-3F4E-BF7249AD1D1C}.Debug|Any CPU.Build.0 = Debug|Any CPU
		{FD3D7295-C5A5-7DEB-3F4E-BF7249AD1D1C}.Release|Any CPU.ActiveCfg = Release|Any CPU
		{FD3D7295-C5A5-7DEB-3F4E-BF7249AD1D1C}.Release|Any CPU.Build.0 = Release|Any CPU
		{B45DE339-EBB4-9080-CC5F-4AA2FED0972D}.Debug|Any CPU.ActiveCfg = Debug|Any CPU
		{B45DE339-EBB4-9080-CC5F-4AA2FED0972D}.Debug|Any CPU.Build.0 = Debug|Any CPU
		{B45DE339-EBB4-9080-CC5F-4AA2FED0972D}.Release|Any CPU.ActiveCfg = Release|Any CPU
		{B45DE339-EBB4-9080-CC5F-4AA2FED0972D}.Release|Any CPU.Build.0 = Release|Any CPU
		{403AAD0C-EB11-7D81-6DEE-D8F72095A938}.Debug|Any CPU.ActiveCfg = Debug|Any CPU
		{403AAD0C-EB11-7D81-6DEE-D8F72095A938}.Debug|Any CPU.Build.0 = Debug|Any CPU
		{403AAD0C-EB11-7D81-6DEE-D8F72095A938}.Release|Any CPU.ActiveCfg = Release|Any CPU
		{403AAD0C-EB11-7D81-6DEE-D8F72095A938}.Release|Any CPU.Build.0 = Release|Any CPU
		{36E62BAF-197C-D18E-E57F-AA19B74FA4BC}.Debug|Any CPU.ActiveCfg = Debug|Any CPU
		{36E62BAF-197C-D18E-E57F-AA19B74FA4BC}.Debug|Any CPU.Build.0 = Debug|Any CPU
		{36E62BAF-197C-D18E-E57F-AA19B74FA4BC}.Release|Any CPU.ActiveCfg = Release|Any CPU
		{36E62BAF-197C-D18E-E57F-AA19B74FA4BC}.Release|Any CPU.Build.0 = Release|Any CPU
		{E7BDFDE0-35D7-D489-2F8D-311676537A56}.Debug|Any CPU.ActiveCfg = Debug|Any CPU
		{E7BDFDE0-35D7-D489-2F8D-311676537A56}.Debug|Any CPU.Build.0 = Debug|Any CPU
		{E7BDFDE0-35D7-D489-2F8D-311676537A56}.Release|Any CPU.ActiveCfg = Release|Any CPU
		{E7BDFDE0-35D7-D489-2F8D-311676537A56}.Release|Any CPU.Build.0 = Release|Any CPU
		{008608F8-121C-D825-3ADA-30808D944CB9}.Debug|Any CPU.ActiveCfg = Debug|Any CPU
		{008608F8-121C-D825-3ADA-30808D944CB9}.Debug|Any CPU.Build.0 = Debug|Any CPU
		{008608F8-121C-D825-3ADA-30808D944CB9}.Release|Any CPU.ActiveCfg = Release|Any CPU
		{008608F8-121C-D825-3ADA-30808D944CB9}.Release|Any CPU.Build.0 = Release|Any CPU
		{EDD90F0D-1D47-8AAB-A03E-34F54AF5127D}.Debug|Any CPU.ActiveCfg = Debug|Any CPU
		{EDD90F0D-1D47-8AAB-A03E-34F54AF5127D}.Debug|Any CPU.Build.0 = Debug|Any CPU
		{EDD90F0D-1D47-8AAB-A03E-34F54AF5127D}.Release|Any CPU.ActiveCfg = Release|Any CPU
		{EDD90F0D-1D47-8AAB-A03E-34F54AF5127D}.Release|Any CPU.Build.0 = Release|Any CPU
		{D7AD1D81-A2AE-DD83-ADBB-76B1DAED4A60}.Debug|Any CPU.ActiveCfg = Debug|Any CPU
		{D7AD1D81-A2AE-DD83-ADBB-76B1DAED4A60}.Debug|Any CPU.Build.0 = Debug|Any CPU
		{D7AD1D81-A2AE-DD83-ADBB-76B1DAED4A60}.Release|Any CPU.ActiveCfg = Release|Any CPU
		{D7AD1D81-A2AE-DD83-ADBB-76B1DAED4A60}.Release|Any CPU.Build.0 = Release|Any CPU
		{8D333F2C-FCEF-E304-22B8-26D041BE72D7}.Debug|Any CPU.ActiveCfg = Debug|Any CPU
		{8D333F2C-FCEF-E304-22B8-26D041BE72D7}.Debug|Any CPU.Build.0 = Debug|Any CPU
		{8D333F2C-FCEF-E304-22B8-26D041BE72D7}.Release|Any CPU.ActiveCfg = Release|Any CPU
		{8D333F2C-FCEF-E304-22B8-26D041BE72D7}.Release|Any CPU.Build.0 = Release|Any CPU
		{D49F35C7-463B-8F8D-DC94-C4A975A30E28}.Debug|Any CPU.ActiveCfg = Debug|Any CPU
		{D49F35C7-463B-8F8D-DC94-C4A975A30E28}.Debug|Any CPU.Build.0 = Debug|Any CPU
		{D49F35C7-463B-8F8D-DC94-C4A975A30E28}.Release|Any CPU.ActiveCfg = Release|Any CPU
		{D49F35C7-463B-8F8D-DC94-C4A975A30E28}.Release|Any CPU.Build.0 = Release|Any CPU
		{458592E9-44CC-77D2-441A-263086A8AC4F}.Debug|Any CPU.ActiveCfg = Debug|Any CPU
		{458592E9-44CC-77D2-441A-263086A8AC4F}.Debug|Any CPU.Build.0 = Debug|Any CPU
		{458592E9-44CC-77D2-441A-263086A8AC4F}.Release|Any CPU.ActiveCfg = Release|Any CPU
		{458592E9-44CC-77D2-441A-263086A8AC4F}.Release|Any CPU.Build.0 = Release|Any CPU
		{D3C2A51C-B978-DF13-8C19-D64234838599}.Debug|Any CPU.ActiveCfg = Debug|Any CPU
		{D3C2A51C-B978-DF13-8C19-D64234838599}.Debug|Any CPU.Build.0 = Debug|Any CPU
		{D3C2A51C-B978-DF13-8C19-D64234838599}.Release|Any CPU.ActiveCfg = Release|Any CPU
		{D3C2A51C-B978-DF13-8C19-D64234838599}.Release|Any CPU.Build.0 = Release|Any CPU
		{3F10093F-F9FB-7CF5-3CDA-0AEF392A2B25}.Debug|Any CPU.ActiveCfg = Debug|Any CPU
		{3F10093F-F9FB-7CF5-3CDA-0AEF392A2B25}.Debug|Any CPU.Build.0 = Debug|Any CPU
		{3F10093F-F9FB-7CF5-3CDA-0AEF392A2B25}.Release|Any CPU.ActiveCfg = Release|Any CPU
		{3F10093F-F9FB-7CF5-3CDA-0AEF392A2B25}.Release|Any CPU.Build.0 = Release|Any CPU
		{EAFF8873-3683-8739-3B59-55AF5C6878B0}.Debug|Any CPU.ActiveCfg = Debug|Any CPU
		{EAFF8873-3683-8739-3B59-55AF5C6878B0}.Debug|Any CPU.Build.0 = Debug|Any CPU
		{EAFF8873-3683-8739-3B59-55AF5C6878B0}.Release|Any CPU.ActiveCfg = Release|Any CPU
		{EAFF8873-3683-8739-3B59-55AF5C6878B0}.Release|Any CPU.Build.0 = Release|Any CPU
		{59DE8B51-3CF4-5B9F-E5EE-2FA01CC6C253}.Debug|Any CPU.ActiveCfg = Debug|Any CPU
		{59DE8B51-3CF4-5B9F-E5EE-2FA01CC6C253}.Debug|Any CPU.Build.0 = Debug|Any CPU
		{59DE8B51-3CF4-5B9F-E5EE-2FA01CC6C253}.Release|Any CPU.ActiveCfg = Release|Any CPU
		{59DE8B51-3CF4-5B9F-E5EE-2FA01CC6C253}.Release|Any CPU.Build.0 = Release|Any CPU
		{312B21B5-7716-D82C-76A4-74B483617FEF}.Debug|Any CPU.ActiveCfg = Debug|Any CPU
		{312B21B5-7716-D82C-76A4-74B483617FEF}.Debug|Any CPU.Build.0 = Debug|Any CPU
		{312B21B5-7716-D82C-76A4-74B483617FEF}.Release|Any CPU.ActiveCfg = Release|Any CPU
		{312B21B5-7716-D82C-76A4-74B483617FEF}.Release|Any CPU.Build.0 = Release|Any CPU
		{1A9359FF-B4C6-FA11-011B-BED038241161}.Debug|Any CPU.ActiveCfg = Debug|Any CPU
		{1A9359FF-B4C6-FA11-011B-BED038241161}.Debug|Any CPU.Build.0 = Debug|Any CPU
		{1A9359FF-B4C6-FA11-011B-BED038241161}.Release|Any CPU.ActiveCfg = Release|Any CPU
		{1A9359FF-B4C6-FA11-011B-BED038241161}.Release|Any CPU.Build.0 = Release|Any CPU
		{D9157803-81A0-A950-5188-9C73B8F22838}.Debug|Any CPU.ActiveCfg = Debug|Any CPU
		{D9157803-81A0-A950-5188-9C73B8F22838}.Debug|Any CPU.Build.0 = Debug|Any CPU
		{D9157803-81A0-A950-5188-9C73B8F22838}.Release|Any CPU.ActiveCfg = Release|Any CPU
		{D9157803-81A0-A950-5188-9C73B8F22838}.Release|Any CPU.Build.0 = Release|Any CPU
		{691D056E-E706-8320-D7E9-D63D65617499}.Debug|Any CPU.ActiveCfg = Debug|Any CPU
		{691D056E-E706-8320-D7E9-D63D65617499}.Debug|Any CPU.Build.0 = Debug|Any CPU
		{691D056E-E706-8320-D7E9-D63D65617499}.Release|Any CPU.ActiveCfg = Release|Any CPU
		{691D056E-E706-8320-D7E9-D63D65617499}.Release|Any CPU.Build.0 = Release|Any CPU
		{FB39498A-017F-4C93-4F0F-676540A60656}.Debug|Any CPU.ActiveCfg = Debug|Any CPU
		{FB39498A-017F-4C93-4F0F-676540A60656}.Debug|Any CPU.Build.0 = Debug|Any CPU
		{FB39498A-017F-4C93-4F0F-676540A60656}.Release|Any CPU.ActiveCfg = Release|Any CPU
		{FB39498A-017F-4C93-4F0F-676540A60656}.Release|Any CPU.Build.0 = Release|Any CPU
		{B9B8735E-5B6A-31F9-EBCB-F0A638CB248D}.Debug|Any CPU.ActiveCfg = Debug|Any CPU
		{B9B8735E-5B6A-31F9-EBCB-F0A638CB248D}.Debug|Any CPU.Build.0 = Debug|Any CPU
		{B9B8735E-5B6A-31F9-EBCB-F0A638CB248D}.Release|Any CPU.ActiveCfg = Release|Any CPU
		{B9B8735E-5B6A-31F9-EBCB-F0A638CB248D}.Release|Any CPU.Build.0 = Release|Any CPU
		{6E819604-49F3-6DA9-6880-93C8C9351F92}.Debug|Any CPU.ActiveCfg = Debug|Any CPU
		{6E819604-49F3-6DA9-6880-93C8C9351F92}.Debug|Any CPU.Build.0 = Debug|Any CPU
		{6E819604-49F3-6DA9-6880-93C8C9351F92}.Release|Any CPU.ActiveCfg = Release|Any CPU
		{6E819604-49F3-6DA9-6880-93C8C9351F92}.Release|Any CPU.Build.0 = Release|Any CPU
		{8EB22C53-CBCD-0888-0CE7-9D2AB61B59B8}.Debug|Any CPU.ActiveCfg = Debug|Any CPU
		{8EB22C53-CBCD-0888-0CE7-9D2AB61B59B8}.Debug|Any CPU.Build.0 = Debug|Any CPU
		{8EB22C53-CBCD-0888-0CE7-9D2AB61B59B8}.Release|Any CPU.ActiveCfg = Release|Any CPU
		{8EB22C53-CBCD-0888-0CE7-9D2AB61B59B8}.Release|Any CPU.Build.0 = Release|Any CPU
		{91E1875A-FFBC-8ABD-337D-3C9709847BAF}.Debug|Any CPU.ActiveCfg = Debug|Any CPU
		{91E1875A-FFBC-8ABD-337D-3C9709847BAF}.Debug|Any CPU.Build.0 = Debug|Any CPU
		{91E1875A-FFBC-8ABD-337D-3C9709847BAF}.Release|Any CPU.ActiveCfg = Release|Any CPU
		{91E1875A-FFBC-8ABD-337D-3C9709847BAF}.Release|Any CPU.Build.0 = Release|Any CPU
		{4D4EDFF8-D093-B7E6-E3BB-E43FBC32D77F}.Debug|Any CPU.ActiveCfg = Debug|Any CPU
		{4D4EDFF8-D093-B7E6-E3BB-E43FBC32D77F}.Debug|Any CPU.Build.0 = Debug|Any CPU
		{4D4EDFF8-D093-B7E6-E3BB-E43FBC32D77F}.Release|Any CPU.ActiveCfg = Release|Any CPU
		{4D4EDFF8-D093-B7E6-E3BB-E43FBC32D77F}.Release|Any CPU.Build.0 = Release|Any CPU
		{90CDA51B-72BD-ECF3-2D26-867017975F61}.Debug|Any CPU.ActiveCfg = Debug|Any CPU
		{90CDA51B-72BD-ECF3-2D26-867017975F61}.Debug|Any CPU.Build.0 = Debug|Any CPU
		{90CDA51B-72BD-ECF3-2D26-867017975F61}.Release|Any CPU.ActiveCfg = Release|Any CPU
		{90CDA51B-72BD-ECF3-2D26-867017975F61}.Release|Any CPU.Build.0 = Release|Any CPU
		{6BAF3837-64FD-1D44-A4E4-D453D6ACE58E}.Debug|Any CPU.ActiveCfg = Debug|Any CPU
		{6BAF3837-64FD-1D44-A4E4-D453D6ACE58E}.Debug|Any CPU.Build.0 = Debug|Any CPU
		{6BAF3837-64FD-1D44-A4E4-D453D6ACE58E}.Release|Any CPU.ActiveCfg = Release|Any CPU
		{6BAF3837-64FD-1D44-A4E4-D453D6ACE58E}.Release|Any CPU.Build.0 = Release|Any CPU
		{CE91B265-E04E-0E59-6F56-0A7D77588917}.Debug|Any CPU.ActiveCfg = Debug|Any CPU
		{CE91B265-E04E-0E59-6F56-0A7D77588917}.Debug|Any CPU.Build.0 = Debug|Any CPU
		{CE91B265-E04E-0E59-6F56-0A7D77588917}.Release|Any CPU.ActiveCfg = Release|Any CPU
		{CE91B265-E04E-0E59-6F56-0A7D77588917}.Release|Any CPU.Build.0 = Release|Any CPU
		{F67A5A4B-67A1-2304-CA15-8582D157930D}.Debug|Any CPU.ActiveCfg = Debug|Any CPU
		{F67A5A4B-67A1-2304-CA15-8582D157930D}.Debug|Any CPU.Build.0 = Debug|Any CPU
		{F67A5A4B-67A1-2304-CA15-8582D157930D}.Release|Any CPU.ActiveCfg = Release|Any CPU
		{F67A5A4B-67A1-2304-CA15-8582D157930D}.Release|Any CPU.Build.0 = Release|Any CPU
		{B42D8C93-18B1-AF69-86B6-88E70B2BFBDB}.Debug|Any CPU.ActiveCfg = Debug|Any CPU
		{B42D8C93-18B1-AF69-86B6-88E70B2BFBDB}.Debug|Any CPU.Build.0 = Debug|Any CPU
		{B42D8C93-18B1-AF69-86B6-88E70B2BFBDB}.Release|Any CPU.ActiveCfg = Release|Any CPU
		{B42D8C93-18B1-AF69-86B6-88E70B2BFBDB}.Release|Any CPU.Build.0 = Release|Any CPU
		{E2DCACF1-0FEC-C160-BA77-BEA124565C6A}.Debug|Any CPU.ActiveCfg = Debug|Any CPU
		{E2DCACF1-0FEC-C160-BA77-BEA124565C6A}.Debug|Any CPU.Build.0 = Debug|Any CPU
		{E2DCACF1-0FEC-C160-BA77-BEA124565C6A}.Release|Any CPU.ActiveCfg = Release|Any CPU
		{E2DCACF1-0FEC-C160-BA77-BEA124565C6A}.Release|Any CPU.Build.0 = Release|Any CPU
		{DAC12B91-FD48-04BF-D9BA-513EBA1F268A}.Debug|Any CPU.ActiveCfg = Debug|Any CPU
		{DAC12B91-FD48-04BF-D9BA-513EBA1F268A}.Debug|Any CPU.Build.0 = Debug|Any CPU
		{DAC12B91-FD48-04BF-D9BA-513EBA1F268A}.Release|Any CPU.ActiveCfg = Release|Any CPU
		{DAC12B91-FD48-04BF-D9BA-513EBA1F268A}.Release|Any CPU.Build.0 = Release|Any CPU
		{4BCEFD1E-8B58-9F45-960D-4C5C3EAFBD6E}.Debug|Any CPU.ActiveCfg = Debug|Any CPU
		{4BCEFD1E-8B58-9F45-960D-4C5C3EAFBD6E}.Debug|Any CPU.Build.0 = Debug|Any CPU
		{4BCEFD1E-8B58-9F45-960D-4C5C3EAFBD6E}.Release|Any CPU.ActiveCfg = Release|Any CPU
		{4BCEFD1E-8B58-9F45-960D-4C5C3EAFBD6E}.Release|Any CPU.Build.0 = Release|Any CPU
		{814B6ECF-4A54-E3B7-5C0F-1E80FC0B8805}.Debug|Any CPU.ActiveCfg = Debug|Any CPU
		{814B6ECF-4A54-E3B7-5C0F-1E80FC0B8805}.Debug|Any CPU.Build.0 = Debug|Any CPU
		{814B6ECF-4A54-E3B7-5C0F-1E80FC0B8805}.Release|Any CPU.ActiveCfg = Release|Any CPU
		{814B6ECF-4A54-E3B7-5C0F-1E80FC0B8805}.Release|Any CPU.Build.0 = Release|Any CPU
		{3FB3AA4E-BD59-D8F4-9C62-EA72E9DD531D}.Debug|Any CPU.ActiveCfg = Debug|Any CPU
		{3FB3AA4E-BD59-D8F4-9C62-EA72E9DD531D}.Debug|Any CPU.Build.0 = Debug|Any CPU
		{3FB3AA4E-BD59-D8F4-9C62-EA72E9DD531D}.Release|Any CPU.ActiveCfg = Release|Any CPU
		{3FB3AA4E-BD59-D8F4-9C62-EA72E9DD531D}.Release|Any CPU.Build.0 = Release|Any CPU
		{49D8EBCE-60A5-833F-6D98-AB444C508532}.Debug|Any CPU.ActiveCfg = Debug|Any CPU
		{49D8EBCE-60A5-833F-6D98-AB444C508532}.Debug|Any CPU.Build.0 = Debug|Any CPU
		{49D8EBCE-60A5-833F-6D98-AB444C508532}.Release|Any CPU.ActiveCfg = Release|Any CPU
		{49D8EBCE-60A5-833F-6D98-AB444C508532}.Release|Any CPU.Build.0 = Release|Any CPU
		{59B0A128-8180-5AC0-11FC-CC543F011916}.Debug|Any CPU.ActiveCfg = Debug|Any CPU
		{59B0A128-8180-5AC0-11FC-CC543F011916}.Debug|Any CPU.Build.0 = Debug|Any CPU
		{59B0A128-8180-5AC0-11FC-CC543F011916}.Release|Any CPU.ActiveCfg = Release|Any CPU
		{59B0A128-8180-5AC0-11FC-CC543F011916}.Release|Any CPU.Build.0 = Release|Any CPU
		{7C51FC67-0BF6-B726-D59E-90F2059E92AA}.Debug|Any CPU.ActiveCfg = Debug|Any CPU
		{7C51FC67-0BF6-B726-D59E-90F2059E92AA}.Debug|Any CPU.Build.0 = Debug|Any CPU
		{7C51FC67-0BF6-B726-D59E-90F2059E92AA}.Release|Any CPU.ActiveCfg = Release|Any CPU
		{7C51FC67-0BF6-B726-D59E-90F2059E92AA}.Release|Any CPU.Build.0 = Release|Any CPU
		{70777675-1863-80F2-C3CE-81CC6FF46694}.Debug|Any CPU.ActiveCfg = Debug|Any CPU
		{70777675-1863-80F2-C3CE-81CC6FF46694}.Debug|Any CPU.Build.0 = Debug|Any CPU
		{70777675-1863-80F2-C3CE-81CC6FF46694}.Release|Any CPU.ActiveCfg = Release|Any CPU
		{70777675-1863-80F2-C3CE-81CC6FF46694}.Release|Any CPU.Build.0 = Release|Any CPU
		{749AA093-8284-5899-705D-65BCDB1208BB}.Debug|Any CPU.ActiveCfg = Debug|Any CPU
		{749AA093-8284-5899-705D-65BCDB1208BB}.Debug|Any CPU.Build.0 = Debug|Any CPU
		{749AA093-8284-5899-705D-65BCDB1208BB}.Release|Any CPU.ActiveCfg = Release|Any CPU
		{749AA093-8284-5899-705D-65BCDB1208BB}.Release|Any CPU.Build.0 = Release|Any CPU
		{997F1904-16D5-A7F4-E542-49470ECC9585}.Debug|Any CPU.ActiveCfg = Debug|Any CPU
		{997F1904-16D5-A7F4-E542-49470ECC9585}.Debug|Any CPU.Build.0 = Debug|Any CPU
		{997F1904-16D5-A7F4-E542-49470ECC9585}.Release|Any CPU.ActiveCfg = Release|Any CPU
		{997F1904-16D5-A7F4-E542-49470ECC9585}.Release|Any CPU.Build.0 = Release|Any CPU
		{75B71F6D-8003-7E72-FA31-4FED1BD79758}.Debug|Any CPU.ActiveCfg = Debug|Any CPU
		{75B71F6D-8003-7E72-FA31-4FED1BD79758}.Debug|Any CPU.Build.0 = Debug|Any CPU
		{75B71F6D-8003-7E72-FA31-4FED1BD79758}.Release|Any CPU.ActiveCfg = Release|Any CPU
		{75B71F6D-8003-7E72-FA31-4FED1BD79758}.Release|Any CPU.Build.0 = Release|Any CPU
		{E0FDB6F7-CDE6-100E-67B4-BB7E28311250}.Debug|Any CPU.ActiveCfg = Debug|Any CPU
		{E0FDB6F7-CDE6-100E-67B4-BB7E28311250}.Debug|Any CPU.Build.0 = Debug|Any CPU
		{E0FDB6F7-CDE6-100E-67B4-BB7E28311250}.Release|Any CPU.ActiveCfg = Release|Any CPU
		{E0FDB6F7-CDE6-100E-67B4-BB7E28311250}.Release|Any CPU.Build.0 = Release|Any CPU
		{2BC977F9-6F00-6FFC-AFF3-AD67515E7AC6}.Debug|Any CPU.ActiveCfg = Debug|Any CPU
		{2BC977F9-6F00-6FFC-AFF3-AD67515E7AC6}.Debug|Any CPU.Build.0 = Debug|Any CPU
		{2BC977F9-6F00-6FFC-AFF3-AD67515E7AC6}.Release|Any CPU.ActiveCfg = Release|Any CPU
		{2BC977F9-6F00-6FFC-AFF3-AD67515E7AC6}.Release|Any CPU.Build.0 = Release|Any CPU
		{4203FA53-F56E-A314-2C33-CA65F62A06A6}.Debug|Any CPU.ActiveCfg = Debug|Any CPU
		{4203FA53-F56E-A314-2C33-CA65F62A06A6}.Debug|Any CPU.Build.0 = Debug|Any CPU
		{4203FA53-F56E-A314-2C33-CA65F62A06A6}.Release|Any CPU.ActiveCfg = Release|Any CPU
		{4203FA53-F56E-A314-2C33-CA65F62A06A6}.Release|Any CPU.Build.0 = Release|Any CPU
		{DDEB83A4-A0A8-BFD9-221F-66CAFCDF196E}.Debug|Any CPU.ActiveCfg = Debug|Any CPU
		{DDEB83A4-A0A8-BFD9-221F-66CAFCDF196E}.Debug|Any CPU.Build.0 = Debug|Any CPU
		{DDEB83A4-A0A8-BFD9-221F-66CAFCDF196E}.Release|Any CPU.ActiveCfg = Release|Any CPU
		{DDEB83A4-A0A8-BFD9-221F-66CAFCDF196E}.Release|Any CPU.Build.0 = Release|Any CPU
		{3AB402E0-1F9F-9171-60F3-13C6C0B1E647}.Debug|Any CPU.ActiveCfg = Debug|Any CPU
		{3AB402E0-1F9F-9171-60F3-13C6C0B1E647}.Debug|Any CPU.Build.0 = Debug|Any CPU
		{3AB402E0-1F9F-9171-60F3-13C6C0B1E647}.Release|Any CPU.ActiveCfg = Release|Any CPU
		{3AB402E0-1F9F-9171-60F3-13C6C0B1E647}.Release|Any CPU.Build.0 = Release|Any CPU
	EndGlobalSection
	GlobalSection(SolutionProperties) = preSolution
		HideSolutionNode = FALSE
	EndGlobalSection
EndGlobal
